
Microsoft Visual Studio Solution File, Format Version 12.00
# Visual Studio Version 17
VisualStudioVersion = 17.0.31903.59
MinimumVisualStudioVersion = 10.0.40219.1
Project("{2150E333-8FDC-42A3-9474-1A3956D46DE8}") = ".paket", ".paket", "{67460939-945C-4463-99DB-D188614B1E4C}"
	ProjectSection(SolutionItems) = preProject
		paket.dependencies = paket.dependencies
	EndProjectSection
EndProject
Project("{2150E333-8FDC-42A3-9474-1A3956D46DE8}") = "src", "src", "{8554040E-C6A5-4E3C-98E6-6EFA0ACB86C0}"
EndProject
Project("{F2A71F9B-5D33-465A-A702-920D77279786}") = "mongotest", "src\mongotest\mongotest.fsproj", "{2B73B67C-43EB-47C6-BA2A-13D2AD2A6B22}"
EndProject
Global
	GlobalSection(SolutionConfigurationPlatforms) = preSolution
		Debug|Any CPU = Debug|Any CPU
		Release|Any CPU = Release|Any CPU
	EndGlobalSection
	GlobalSection(SolutionProperties) = preSolution
		HideSolutionNode = FALSE
	EndGlobalSection
	GlobalSection(ProjectConfigurationPlatforms) = postSolution
		{2B73B67C-43EB-47C6-BA2A-13D2AD2A6B22}.Debug|Any CPU.ActiveCfg = Debug|Any CPU
		{2B73B67C-43EB-47C6-BA2A-13D2AD2A6B22}.Debug|Any CPU.Build.0 = Debug|Any CPU
		{2B73B67C-43EB-47C6-BA2A-13D2AD2A6B22}.Release|Any CPU.ActiveCfg = Release|Any CPU
		{2B73B67C-43EB-47C6-BA2A-13D2AD2A6B22}.Release|Any CPU.Build.0 = Release|Any CPU
	EndGlobalSection
	GlobalSection(NestedProjects) = preSolution
		{2B73B67C-43EB-47C6-BA2A-13D2AD2A6B22} = {8554040E-C6A5-4E3C-98E6-6EFA0ACB86C0}
	EndGlobalSection
EndGlobal
